
Microsoft Visual Studio Solution File, Format Version 12.00
# Visual Studio Version 17
VisualStudioVersion = 17.2.32630.192
MinimumVisualStudioVersion = 10.0.40219.1
Project("{9A19103F-16F7-4668-BE54-9A1E7A4F7556}") = "Observer.Fred.Services", "observer.fred.services\Observer.Fred.Services.csproj", "{7684D690-9A2E-4542-A136-26DE38065846}"
EndProject
Project("{9A19103F-16F7-4668-BE54-9A1E7A4F7556}") = "Observer.Fred.Services.Tests", "Observer.Fred.Services.Tests\Observer.Fred.Services.Tests.csproj", "{EBF188FF-0E0B-4510-9A57-98F51C4E0024}"
EndProject
Global
	GlobalSection(SolutionConfigurationPlatforms) = preSolution
		Debug|Any CPU = Debug|Any CPU
		Release|Any CPU = Release|Any CPU
	EndGlobalSection
	GlobalSection(ProjectConfigurationPlatforms) = postSolution
		{7684D690-9A2E-4542-A136-26DE38065846}.Debug|Any CPU.ActiveCfg = Debug|Any CPU
		{7684D690-9A2E-4542-A136-26DE38065846}.Debug|Any CPU.Build.0 = Debug|Any CPU
		{7684D690-9A2E-4542-A136-26DE38065846}.Release|Any CPU.ActiveCfg = Release|Any CPU
		{7684D690-9A2E-4542-A136-26DE38065846}.Release|Any CPU.Build.0 = Release|Any CPU
		{EBF188FF-0E0B-4510-9A57-98F51C4E0024}.Debug|Any CPU.ActiveCfg = Debug|Any CPU
		{EBF188FF-0E0B-4510-9A57-98F51C4E0024}.Debug|Any CPU.Build.0 = Debug|Any CPU
		{EBF188FF-0E0B-4510-9A57-98F51C4E0024}.Release|Any CPU.ActiveCfg = Release|Any CPU
		{EBF188FF-0E0B-4510-9A57-98F51C4E0024}.Release|Any CPU.Build.0 = Release|Any CPU
	EndGlobalSection
	GlobalSection(SolutionProperties) = preSolution
		HideSolutionNode = FALSE
	EndGlobalSection
	GlobalSection(ExtensibilityGlobals) = postSolution
		SolutionGuid = {0474C90A-386D-4F98-86E8-367DEEA7AE0F}
	EndGlobalSection
EndGlobal
